
Microsoft Visual Studio Solution File, Format Version 12.00
# Visual Studio Version 17
VisualStudioVersion = 17.7.34003.232
MinimumVisualStudioVersion = 10.0.40219.1
Project("{FAE04EC0-301F-11D3-BF4B-00C04F79EFBC}") = "classes", "classes\classes.csproj", "{7FE99B2A-BBA7-4613-8527-B894E0F1E16A}"
EndProject
Global
	GlobalSection(SolutionConfigurationPlatforms) = preSolution
		Debug|Any CPU = Debug|Any CPU
		Release|Any CPU = Release|Any CPU
	EndGlobalSection
	GlobalSection(ProjectConfigurationPlatforms) = postSolution
		{7FE99B2A-BBA7-4613-8527-B894E0F1E16A}.Debug|Any CPU.ActiveCfg = Debug|Any CPU
		{7FE99B2A-BBA7-4613-8527-B894E0F1E16A}.Debug|Any CPU.Build.0 = Debug|Any CPU
		{7FE99B2A-BBA7-4613-8527-B894E0F1E16A}.Release|Any CPU.ActiveCfg = Release|Any CPU
		{7FE99B2A-BBA7-4613-8527-B894E0F1E16A}.Release|Any CPU.Build.0 = Release|Any CPU
	EndGlobalSection
	GlobalSection(SolutionProperties) = preSolution
		HideSolutionNode = FALSE
	EndGlobalSection
	GlobalSection(ExtensibilityGlobals) = postSolution
		SolutionGuid = {0B4418CA-715B-4A3E-8701-D40D05029A54}
	EndGlobalSection
EndGlobal
